
Microsoft Visual Studio Solution File, Format Version 12.00
# Visual Studio Version 17
VisualStudioVersion = 17.8.34309.116
MinimumVisualStudioVersion = 10.0.40219.1
Project("{FAE04EC0-301F-11D3-BF4B-00C04F79EFBC}") = "01-TaskManagerCli", "01-TaskManagerCli.csproj", "{8FE6D0F4-EF68-487F-8CE3-6A9A9BF90206}"
EndProject
Global
	GlobalSection(SolutionConfigurationPlatforms) = preSolution
		Debug|Any CPU = Debug|Any CPU
		Release|Any CPU = Release|Any CPU
	EndGlobalSection
	GlobalSection(ProjectConfigurationPlatforms) = postSolution
		{8FE6D0F4-EF68-487F-8CE3-6A9A9BF90206}.Debug|Any CPU.ActiveCfg = Debug|Any CPU
		{8FE6D0F4-EF68-487F-8CE3-6A9A9BF90206}.Debug|Any CPU.Build.0 = Debug|Any CPU
		{8FE6D0F4-EF68-487F-8CE3-6A9A9BF90206}.Release|Any CPU.ActiveCfg = Release|Any CPU
		{8FE6D0F4-EF68-487F-8CE3-6A9A9BF90206}.Release|Any CPU.Build.0 = Release|Any CPU
	EndGlobalSection
	GlobalSection(SolutionProperties) = preSolution
		HideSolutionNode = FALSE
	EndGlobalSection
	GlobalSection(ExtensibilityGlobals) = postSolution
		SolutionGuid = {F0349ACC-1F06-48B3-A608-0E82537388D3}
	EndGlobalSection
EndGlobal
